
Microsoft Visual Studio Solution File, Format Version 12.00
# Visual Studio Version 17
VisualStudioVersion = 17.2.32630.192
MinimumVisualStudioVersion = 10.0.40219.1
Project("{FAE04EC0-301F-11D3-BF4B-00C04F79EFBC}") = "File", "File\File.csproj", "{DA5A9808-9E87-4D90-944F-7747FC3B77AA}"
EndProject
Global
	GlobalSection(SolutionConfigurationPlatforms) = preSolution
		Debug|Any CPU = Debug|Any CPU
		Release|Any CPU = Release|Any CPU
	EndGlobalSection
	GlobalSection(ProjectConfigurationPlatforms) = postSolution
		{DA5A9808-9E87-4D90-944F-7747FC3B77AA}.Debug|Any CPU.ActiveCfg = Debug|Any CPU
		{DA5A9808-9E87-4D90-944F-7747FC3B77AA}.Debug|Any CPU.Build.0 = Debug|Any CPU
		{DA5A9808-9E87-4D90-944F-7747FC3B77AA}.Release|Any CPU.ActiveCfg = Release|Any CPU
		{DA5A9808-9E87-4D90-944F-7747FC3B77AA}.Release|Any CPU.Build.0 = Release|Any CPU
	EndGlobalSection
	GlobalSection(SolutionProperties) = preSolution
		HideSolutionNode = FALSE
	EndGlobalSection
	GlobalSection(ExtensibilityGlobals) = postSolution
		SolutionGuid = {64511B1C-4DFB-497B-AD02-716645A25235}
	EndGlobalSection
EndGlobal
